Microsoft Visual Studio Solution File, Format Version 12.00
# Visual Studio 2012
Project("{FAE04EC0-301F-11D3-BF4B-00C04F79EFBC}") = "Nowy projekt gry", "Nowy projekt gry.csproj", "{EFEB68A3-78B1-49D9-AC59-EE483B359DCE}"
EndProject
Global
	GlobalSection(SolutionConfigurationPlatforms) = preSolution
	Debug|Any CPU = Debug|Any CPU
	ExportDebug|Any CPU = ExportDebug|Any CPU
	ExportRelease|Any CPU = ExportRelease|Any CPU
	EndGlobalSection
	GlobalSection(ProjectConfigurationPlatforms) = postSolution
		{EFEB68A3-78B1-49D9-AC59-EE483B359DCE}.Debug|Any CPU.ActiveCfg = Debug|Any CPU
		{EFEB68A3-78B1-49D9-AC59-EE483B359DCE}.Debug|Any CPU.Build.0 = Debug|Any CPU
		{EFEB68A3-78B1-49D9-AC59-EE483B359DCE}.ExportDebug|Any CPU.ActiveCfg = ExportDebug|Any CPU
		{EFEB68A3-78B1-49D9-AC59-EE483B359DCE}.ExportDebug|Any CPU.Build.0 = ExportDebug|Any CPU
		{EFEB68A3-78B1-49D9-AC59-EE483B359DCE}.ExportRelease|Any CPU.ActiveCfg = ExportRelease|Any CPU
		{EFEB68A3-78B1-49D9-AC59-EE483B359DCE}.ExportRelease|Any CPU.Build.0 = ExportRelease|Any CPU
	EndGlobalSection
EndGlobal
